PODS:
  - Flutter (1.0.0)
  - flutter_zjy_plugin (0.0.1):
    - Flutter

DEPENDENCIES:
  - Flutter (from `Flutter`)
  - flutter_zjy_plugin (from `.symlinks/plugins/flutter_zjy_plugin/ios`)

EXTERNAL SOURCES:
  Flutter:
    :path: Flutter
  flutter_zjy_plugin:
    :path: ".symlinks/plugins/flutter_zjy_plugin/ios"

SPEC CHECKSUMS:
  Flutter: 0e3d915762c693b495b44d77113d4970485de6ec
  flutter_zjy_plugin: 6c0fc93b92f396be62b946a50fee00ca32bf01e0

PODFILE CHECKSUM: 3dbe063e9c90a5d7c9e4e76e70a821b9e2c1d271

COCOAPODS: 1.9.0.beta.2
