PODS:
  - Flutter (1.0.0)
  - flutter_zjy_plugin (0.0.1):
    - Flutter

DEPENDENCIES:
  - Flutter (from `Flutter`)
  - flutter_zjy_plugin (from `.symlinks/plugins/flutter_zjy_plugin/ios`)

EXTERNAL SOURCES:
  Flutter:
    :path: Flutter
  flutter_zjy_plugin:
    :path: ".symlinks/plugins/flutter_zjy_plugin/ios"

SPEC CHECKSUMS:
  Flutter: f04841e97a9d0b0a8025694d0796dd46242b2854
  flutter_zjy_plugin: e3bcf97f53de5e7c0a36299759332f548dea160e

PODFILE CHECKSUM: 50f6a430284d61d5a36f07b9e2c809fe23d4739d

COCOAPODS: 1.12.0
